
Microsoft Visual Studio Solution File, Format Version 12.00
# Visual Studio Version 17
VisualStudioVersion = 17.11.35312.102
MinimumVisualStudioVersion = 10.0.40219.1
Project("{FAE04EC0-301F-11D3-BF4B-00C04F79EFBC}") = "Clonesaw", "Clonesaw\Clonesaw.csproj", "{4E5491E2-F86E-45B8-ABA9-901E1026B42A}"
EndProject
Global
	GlobalSection(SolutionConfigurationPlatforms) = preSolution
		Debug|Any CPU = Debug|Any CPU
		Release|Any CPU = Release|Any CPU
	EndGlobalSection
	GlobalSection(ProjectConfigurationPlatforms) = postSolution
		{4E5491E2-F86E-45B8-ABA9-901E1026B42A}.Debug|Any CPU.ActiveCfg = Debug|Any CPU
		{4E5491E2-F86E-45B8-ABA9-901E1026B42A}.Debug|Any CPU.Build.0 = Debug|Any CPU
		{4E5491E2-F86E-45B8-ABA9-901E1026B42A}.Release|Any CPU.ActiveCfg = Release|Any CPU
		{4E5491E2-F86E-45B8-ABA9-901E1026B42A}.Release|Any CPU.Build.0 = Release|Any CPU
	EndGlobalSection
	GlobalSection(SolutionProperties) = preSolution
		HideSolutionNode = FALSE
	EndGlobalSection
	GlobalSection(ExtensibilityGlobals) = postSolution
		SolutionGuid = {2B154B44-09FF-4F7D-84E2-82B57B49FAEE}
	EndGlobalSection
EndGlobal
